
Microsoft Visual Studio Solution File, Format Version 12.00
Project("{FAE04EC0-301F-11D3-BF4B-00C04F79EFBC}") = "KafkaTest", "KafkaTest\KafkaTest.csproj", "{96952C55-4CD7-48F3-A23D-89F8C9F6117E}"
EndProject
Global
	GlobalSection(SolutionConfigurationPlatforms) = preSolution
		Debug|Any CPU = Debug|Any CPU
		Release|Any CPU = Release|Any CPU
	EndGlobalSection
	GlobalSection(ProjectConfigurationPlatforms) = postSolution
		{96952C55-4CD7-48F3-A23D-89F8C9F6117E}.Debug|Any CPU.ActiveCfg = Debug|Any CPU
		{96952C55-4CD7-48F3-A23D-89F8C9F6117E}.Debug|Any CPU.Build.0 = Debug|Any CPU
		{96952C55-4CD7-48F3-A23D-89F8C9F6117E}.Release|Any CPU.ActiveCfg = Release|Any CPU
		{96952C55-4CD7-48F3-A23D-89F8C9F6117E}.Release|Any CPU.Build.0 = Release|Any CPU
	EndGlobalSection
EndGlobal
